
Microsoft Visual Studio Solution File, Format Version 12.00
# Visual Studio Version 17
VisualStudioVersion = 17.1.32414.318
MinimumVisualStudioVersion = 10.0.40219.1
Project("{FAE04EC0-301F-11D3-BF4B-00C04F79EFBC}") = "ScalarGraph", "ScalarGraph\ScalarGraph.csproj", "{D6609D05-966E-4284-BF02-5547054078CE}"
EndProject
Global
	GlobalSection(SolutionConfigurationPlatforms) = preSolution
		Debug|Any CPU = Debug|Any CPU
		Release|Any CPU = Release|Any CPU
	EndGlobalSection
	GlobalSection(ProjectConfigurationPlatforms) = postSolution
		{D6609D05-966E-4284-BF02-5547054078CE}.Debug|Any CPU.ActiveCfg = Debug|Any CPU
		{D6609D05-966E-4284-BF02-5547054078CE}.Debug|Any CPU.Build.0 = Debug|Any CPU
		{D6609D05-966E-4284-BF02-5547054078CE}.Release|Any CPU.ActiveCfg = Release|Any CPU
		{D6609D05-966E-4284-BF02-5547054078CE}.Release|Any CPU.Build.0 = Release|Any CPU
	EndGlobalSection
	GlobalSection(SolutionProperties) = preSolution
		HideSolutionNode = FALSE
	EndGlobalSection
	GlobalSection(ExtensibilityGlobals) = postSolution
		SolutionGuid = {4AC9DF44-9CE9-4DFB-B052-4B90EA70B06A}
	EndGlobalSection
EndGlobal
